
Microsoft Visual Studio Solution File, Format Version 12.00
# Visual Studio Version 17
VisualStudioVersion = 17.0.31825.309
MinimumVisualStudioVersion = 10.0.40219.1
Project("{9A19103F-16F7-4668-BE54-9A1E7A4F7556}") = "CalculatorApp", "CalculatorApp\CalculatorApp.csproj", "{24241B1B-80D0-4F90-86D8-AA67CA619A39}"
EndProject
Project("{2150E333-8FDC-42A3-9474-1A3956D46DE8}") = "Processor", "Processor", "{64713504-B957-4FEF-991F-B7E1FE40905C}"
EndProject
Project("{2150E333-8FDC-42A3-9474-1A3956D46DE8}") = "Converter", "Converter", "{5B007E22-EDAA-41EE-A6EE-23F511C74C04}"
EndProject
Project("{2150E333-8FDC-42A3-9474-1A3956D46DE8}") = "MathUnits", "MathUnits", "{067F1623-39D9-4E4C-951F-38665407034E}"
EndProject
Project("{FAE04EC0-301F-11D3-BF4B-00C04F79EFBC}") = "MathUnitsLibrary", "MathUnitsLibrary\MathUnitsLibrary.csproj", "{1F9F28ED-D29E-4472-88AA-946CE631FEFB}"
EndProject
Project("{FAE04EC0-301F-11D3-BF4B-00C04F79EFBC}") = "ConverterLibrary", "ConverterLibrary\ConverterLibrary.csproj", "{DE2EA1CF-663B-40F0-A3A3-97A0EB6EAFA6}"
EndProject
Project("{FAE04EC0-301F-11D3-BF4B-00C04F79EFBC}") = "ProcessorLibrary", "ProcessorLibrary\ProcessorLibrary.csproj", "{704FDD89-4EF7-4B1E-8337-E04F6E35DFFB}"
EndProject
Project("{FAE04EC0-301F-11D3-BF4B-00C04F79EFBC}") = "ProcessorLibrary.Tests", "ProcessorLibrary.Tests\ProcessorLibrary.Tests.csproj", "{BF9A6501-EA3B-4ABF-A896-ACBA3A1FE795}"
EndProject
Project("{FAE04EC0-301F-11D3-BF4B-00C04F79EFBC}") = "ConverterLibrary.Tests", "ConverterLibrary.Tests\ConverterLibrary.Tests.csproj", "{79A55B7E-723A-49A4-9459-7F476D30D1AF}"
EndProject
Global
	GlobalSection(SolutionConfigurationPlatforms) = preSolution
		Debug|Any CPU = Debug|Any CPU
		Release|Any CPU = Release|Any CPU
	EndGlobalSection
	GlobalSection(ProjectConfigurationPlatforms) = postSolution
		{24241B1B-80D0-4F90-86D8-AA67CA619A39}.Debug|Any CPU.ActiveCfg = Debug|Any CPU
		{24241B1B-80D0-4F90-86D8-AA67CA619A39}.Debug|Any CPU.Build.0 = Debug|Any CPU
		{24241B1B-80D0-4F90-86D8-AA67CA619A39}.Release|Any CPU.ActiveCfg = Release|Any CPU
		{24241B1B-80D0-4F90-86D8-AA67CA619A39}.Release|Any CPU.Build.0 = Release|Any CPU
		{1F9F28ED-D29E-4472-88AA-946CE631FEFB}.Debug|Any CPU.ActiveCfg = Debug|Any CPU
		{1F9F28ED-D29E-4472-88AA-946CE631FEFB}.Debug|Any CPU.Build.0 = Debug|Any CPU
		{1F9F28ED-D29E-4472-88AA-946CE631FEFB}.Release|Any CPU.ActiveCfg = Release|Any CPU
		{1F9F28ED-D29E-4472-88AA-946CE631FEFB}.Release|Any CPU.Build.0 = Release|Any CPU
		{DE2EA1CF-663B-40F0-A3A3-97A0EB6EAFA6}.Debug|Any CPU.ActiveCfg = Debug|Any CPU
		{DE2EA1CF-663B-40F0-A3A3-97A0EB6EAFA6}.Debug|Any CPU.Build.0 = Debug|Any CPU
		{DE2EA1CF-663B-40F0-A3A3-97A0EB6EAFA6}.Release|Any CPU.ActiveCfg = Release|Any CPU
		{DE2EA1CF-663B-40F0-A3A3-97A0EB6EAFA6}.Release|Any CPU.Build.0 = Release|Any CPU
		{704FDD89-4EF7-4B1E-8337-E04F6E35DFFB}.Debug|Any CPU.ActiveCfg = Debug|Any CPU
		{704FDD89-4EF7-4B1E-8337-E04F6E35DFFB}.Debug|Any CPU.Build.0 = Debug|Any CPU
		{704FDD89-4EF7-4B1E-8337-E04F6E35DFFB}.Release|Any CPU.ActiveCfg = Release|Any CPU
		{704FDD89-4EF7-4B1E-8337-E04F6E35DFFB}.Release|Any CPU.Build.0 = Release|Any CPU
		{BF9A6501-EA3B-4ABF-A896-ACBA3A1FE795}.Debug|Any CPU.ActiveCfg = Debug|Any CPU
		{BF9A6501-EA3B-4ABF-A896-ACBA3A1FE795}.Debug|Any CPU.Build.0 = Debug|Any CPU
		{BF9A6501-EA3B-4ABF-A896-ACBA3A1FE795}.Release|Any CPU.ActiveCfg = Release|Any CPU
		{BF9A6501-EA3B-4ABF-A896-ACBA3A1FE795}.Release|Any CPU.Build.0 = Release|Any CPU
		{79A55B7E-723A-49A4-9459-7F476D30D1AF}.Debug|Any CPU.ActiveCfg = Debug|Any CPU
		{79A55B7E-723A-49A4-9459-7F476D30D1AF}.Debug|Any CPU.Build.0 = Debug|Any CPU
		{79A55B7E-723A-49A4-9459-7F476D30D1AF}.Release|Any CPU.ActiveCfg = Release|Any CPU
		{79A55B7E-723A-49A4-9459-7F476D30D1AF}.Release|Any CPU.Build.0 = Release|Any CPU
	EndGlobalSection
	GlobalSection(SolutionProperties) = preSolution
		HideSolutionNode = FALSE
	EndGlobalSection
	GlobalSection(NestedProjects) = preSolution
		{1F9F28ED-D29E-4472-88AA-946CE631FEFB} = {067F1623-39D9-4E4C-951F-38665407034E}
		{DE2EA1CF-663B-40F0-A3A3-97A0EB6EAFA6} = {5B007E22-EDAA-41EE-A6EE-23F511C74C04}
		{704FDD89-4EF7-4B1E-8337-E04F6E35DFFB} = {64713504-B957-4FEF-991F-B7E1FE40905C}
		{BF9A6501-EA3B-4ABF-A896-ACBA3A1FE795} = {64713504-B957-4FEF-991F-B7E1FE40905C}
		{79A55B7E-723A-49A4-9459-7F476D30D1AF} = {5B007E22-EDAA-41EE-A6EE-23F511C74C04}
	EndGlobalSection
	GlobalSection(ExtensibilityGlobals) = postSolution
		SolutionGuid = {EEFCA223-E93A-48C8-8294-BA35020A5C46}
	EndGlobalSection
EndGlobal
