
Microsoft Visual Studio Solution File, Format Version 12.00
# Visual Studio Version 16
VisualStudioVersion = 16.0.31729.503
MinimumVisualStudioVersion = 10.0.40219.1
Project("{FAE04EC0-301F-11D3-BF4B-00C04F79EFBC}") = "CalculatorApp", "CalculatorApp\CalculatorApp.csproj", "{24241B1B-80D0-4F90-86D8-AA67CA619A39}"
EndProject
Global
	GlobalSection(SolutionConfigurationPlatforms) = preSolution
		Debug|Any CPU = Debug|Any CPU
		Release|Any CPU = Release|Any CPU
	EndGlobalSection
	GlobalSection(ProjectConfigurationPlatforms) = postSolution
		{24241B1B-80D0-4F90-86D8-AA67CA619A39}.Debug|Any CPU.ActiveCfg = Debug|Any CPU
		{24241B1B-80D0-4F90-86D8-AA67CA619A39}.Debug|Any CPU.Build.0 = Debug|Any CPU
		{24241B1B-80D0-4F90-86D8-AA67CA619A39}.Release|Any CPU.ActiveCfg = Release|Any CPU
		{24241B1B-80D0-4F90-86D8-AA67CA619A39}.Release|Any CPU.Build.0 = Release|Any CPU
	EndGlobalSection
	GlobalSection(SolutionProperties) = preSolution
		HideSolutionNode = FALSE
	EndGlobalSection
	GlobalSection(ExtensibilityGlobals) = postSolution
		SolutionGuid = {EEFCA223-E93A-48C8-8294-BA35020A5C46}
	EndGlobalSection
EndGlobal
